
Microsoft Visual Studio Solution File, Format Version 12.00
# Visual Studio Version 16
VisualStudioVersion = 25.0.1706.8
MinimumVisualStudioVersion = 10.0.40219.1
Project("{FAE04EC0-301F-11D3-BF4B-00C04F79EFBC}") = "BasicCalculator", "BasicCalculator\BasicCalculator.csproj", "{010F9128-119D-403A-BF7A-E9DCEC2B66FC}"
EndProject
Project("{FAE04EC0-301F-11D3-BF4B-00C04F79EFBC}") = "BasicCalculator.Test", "BasicCalculator.Test\BasicCalculator.Test.csproj", "{3002239C-72B3-4B77-B26A-90E77FA30DD3}"
EndProject
Global
	GlobalSection(SolutionConfigurationPlatforms) = preSolution
		Debug|Any CPU = Debug|Any CPU
		Release|Any CPU = Release|Any CPU
	EndGlobalSection
	GlobalSection(ProjectConfigurationPlatforms) = postSolution
		{010F9128-119D-403A-BF7A-E9DCEC2B66FC}.Debug|Any CPU.ActiveCfg = Debug|Any CPU
		{010F9128-119D-403A-BF7A-E9DCEC2B66FC}.Debug|Any CPU.Build.0 = Debug|Any CPU
		{010F9128-119D-403A-BF7A-E9DCEC2B66FC}.Release|Any CPU.ActiveCfg = Release|Any CPU
		{010F9128-119D-403A-BF7A-E9DCEC2B66FC}.Release|Any CPU.Build.0 = Release|Any CPU
		{3002239C-72B3-4B77-B26A-90E77FA30DD3}.Debug|Any CPU.ActiveCfg = Debug|Any CPU
		{3002239C-72B3-4B77-B26A-90E77FA30DD3}.Debug|Any CPU.Build.0 = Debug|Any CPU
		{3002239C-72B3-4B77-B26A-90E77FA30DD3}.Release|Any CPU.ActiveCfg = Release|Any CPU
		{3002239C-72B3-4B77-B26A-90E77FA30DD3}.Release|Any CPU.Build.0 = Release|Any CPU
	EndGlobalSection
	GlobalSection(SolutionProperties) = preSolution
		HideSolutionNode = FALSE
	EndGlobalSection
	GlobalSection(ExtensibilityGlobals) = postSolution
		SolutionGuid = {72841BF4-2C12-491B-A25F-92AFFBA021AE}
	EndGlobalSection
EndGlobal
